
Microsoft Visual Studio Solution File, Format Version 12.00
# Visual Studio Version 17
VisualStudioVersion = 17.14.36623.8
MinimumVisualStudioVersion = 10.0.40219.1
Project("{FAE04EC0-301F-11D3-BF4B-00C04F79EFBC}") = "Planora.ApiGateway", "Planora.ApiGateway\Planora.ApiGateway.csproj", "{622A3266-C08E-4F86-9D04-7AEA5777DA11}"
EndProject
Project("{2150E333-8FDC-42A3-9474-1A3956D46DE8}") = "Services", "Services", "{36D591C7-65C7-A0D1-1CBC-10CDE441BDC8}"
EndProject
Project("{2150E333-8FDC-42A3-9474-1A3956D46DE8}") = "AuthApi", "AuthApi", "{E79C418F-F2F6-433A-B083-E5528ADFCA56}"
EndProject
Project("{2150E333-8FDC-42A3-9474-1A3956D46DE8}") = "TodoApi", "TodoApi", "{2C09A21A-3555-48AC-AF11-54796320956F}"
EndProject
Project("{2150E333-8FDC-42A3-9474-1A3956D46DE8}") = "BuildingBlocks", "BuildingBlocks", "{2D08146B-289D-4C51-B9E0-2DE85A785CB5}"
EndProject
Project("{FAE04EC0-301F-11D3-BF4B-00C04F79EFBC}") = "Planora.Auth.Api", "Services\AuthApi\Planora.Auth.Api\Planora.Auth.Api.csproj", "{BBECA2EA-325E-2CD9-99CA-4B4C9EE4D75D}"
EndProject
Project("{FAE04EC0-301F-11D3-BF4B-00C04F79EFBC}") = "Planora.Auth.Application", "Services\AuthApi\Planora.Auth.Application\Planora.Auth.Application.csproj", "{004641EC-D55D-596A-1F25-B1F9F8A9D605}"
EndProject
Project("{FAE04EC0-301F-11D3-BF4B-00C04F79EFBC}") = "Planora.Auth.Domain", "Services\AuthApi\Planora.Auth.Domain\Planora.Auth.Domain.csproj", "{38537E70-E819-C144-E474-AD5F45B30521}"
EndProject
Project("{FAE04EC0-301F-11D3-BF4B-00C04F79EFBC}") = "Planora.Auth.Infrastructure", "Services\AuthApi\Planora.Auth.Infrastructure\Planora.Auth.Infrastructure.csproj", "{1B7ADD5B-3D96-8CE9-05DC-C290926F2BD4}"
EndProject
Project("{FAE04EC0-301F-11D3-BF4B-00C04F79EFBC}") = "Planora.BuildingBlocks.Domain", "BuildingBlocks\Planora.BuildingBlocks.Domain\Planora.BuildingBlocks.Domain.csproj", "{50D27965-EA2E-4BF4-A907-0FB24BF9C386}"
EndProject
Project("{FAE04EC0-301F-11D3-BF4B-00C04F79EFBC}") = "Planora.BuildingBlocks.Application", "BuildingBlocks\Planora.BuildingBlocks.Application\Planora.BuildingBlocks.Application.csproj", "{C46E96F6-52A1-49B6-9DEA-7A51EB37241D}"
EndProject
Project("{FAE04EC0-301F-11D3-BF4B-00C04F79EFBC}") = "Planora.BuildingBlocks.Infrastructure", "BuildingBlocks\Planora.BuildingBlocks.Infrastructure\Planora.BuildingBlocks.Infrastructure.csproj", "{340A62F5-46D2-4565-864E-3AA3F0DE69D0}"
EndProject
Project("{2150E333-8FDC-42A3-9474-1A3956D46DE8}") = "docker", "docker", "{800F8410-CE8A-47DA-A3E6-243E226FDEE5}"
EndProject
Project("{2150E333-8FDC-42A3-9474-1A3956D46DE8}") = "scripts", "scripts", "{38DDDBB5-BEE0-48FA-B060-DAC89A068024}"
EndProject
Project("{2150E333-8FDC-42A3-9474-1A3956D46DE8}") = "docs", "docs", "{AA055AFC-1BF1-4399-9207-98D9F39AB009}"
EndProject
Project("{2150E333-8FDC-42A3-9474-1A3956D46DE8}") = "architecture", "architecture", "{90B8CEFC-64A5-426C-B428-858226C1CEB7}"
EndProject
Project("{2150E333-8FDC-42A3-9474-1A3956D46DE8}") = "api", "api", "{2D6FF8A5-7D6C-4E3B-A770-F4AF2E7BC683}"
EndProject
Project("{2150E333-8FDC-42A3-9474-1A3956D46DE8}") = "CategoryApi", "CategoryApi", "{04487B2A-98ED-4ECC-ACD6-E85E603A8586}"
EndProject
Project("{2150E333-8FDC-42A3-9474-1A3956D46DE8}") = "MessagingApi", "MessagingApi", "{B898F187-BC2A-47D0-A795-A214C01836EF}"
EndProject
Project("{2150E333-8FDC-42A3-9474-1A3956D46DE8}") = "RealtimeApi", "RealtimeApi", "{0E8CD9B2-7346-4D09-9A2A-07029372BD07}"
EndProject
Project("{FAE04EC0-301F-11D3-BF4B-00C04F79EFBC}") = "Planora.Messaging.Domain", "Services\MessagingApi\Planora.Messaging.Domain\Planora.Messaging.Domain.csproj", "{E5B77391-915A-46DA-8C60-9AC2C34288F3}"
EndProject
Project("{FAE04EC0-301F-11D3-BF4B-00C04F79EFBC}") = "Planora.Messaging.Application", "Services\MessagingApi\Planora.Messaging.Application\Planora.Messaging.Application.csproj", "{561A1B80-E93F-443D-B980-EB8A39FC14F9}"
EndProject
Project("{FAE04EC0-301F-11D3-BF4B-00C04F79EFBC}") = "Planora.Messaging.Infrastructure", "Services\MessagingApi\Planora.Messaging.Infrastructure\Planora.Messaging.Infrastructure.csproj", "{19B4A682-7DBF-4298-A9A2-BCF270081937}"
EndProject
Project("{FAE04EC0-301F-11D3-BF4B-00C04F79EFBC}") = "Planora.Messaging.Api", "Services\MessagingApi\Planora.Messaging.Api\Planora.Messaging.Api.csproj", "{E3A78E85-C0FA-4F0F-9F9D-AF8D2FFDCD91}"
EndProject
Project("{FAE04EC0-301F-11D3-BF4B-00C04F79EFBC}") = "Planora.Realtime.Domain", "Services\RealtimeApi\Planora.Realtime.Domain\Planora.Realtime.Domain.csproj", "{F1A4992E-2F7A-40C8-9091-60F106156D03}"
EndProject
Project("{FAE04EC0-301F-11D3-BF4B-00C04F79EFBC}") = "Planora.Realtime.Application", "Services\RealtimeApi\Planora.Realtime.Application\Planora.Realtime.Application.csproj", "{4EE955AB-E610-4051-AA29-89F340D2F137}"
EndProject
Project("{FAE04EC0-301F-11D3-BF4B-00C04F79EFBC}") = "Planora.Realtime.Infrastructure", "Services\RealtimeApi\Planora.Realtime.Infrastructure\Planora.Realtime.Infrastructure.csproj", "{74E563CF-00DB-4E34-B9BA-33BD23650D21}"
EndProject
Project("{FAE04EC0-301F-11D3-BF4B-00C04F79EFBC}") = "Planora.Realtime.Api", "Services\RealtimeApi\Planora.Realtime.Api\Planora.Realtime.Api.csproj", "{D91A68B7-2605-498C-BB2E-0BF8BCDC32FC}"
EndProject
Project("{FAE04EC0-301F-11D3-BF4B-00C04F79EFBC}") = "GrpcContracts", "GrpcContracts\GrpcContracts.csproj", "{74A6E048-EF3A-4F6B-B402-A9D8B40C5E99}"
EndProject
Project("{2150E333-8FDC-42A3-9474-1A3956D46DE8}") = "Элементы решения", "Элементы решения", "{754FC069-D67B-A9D7-50A1-8D1CA196D8F1}"
	ProjectSection(SolutionItems) = preProject
		.dockerignore = .dockerignore
		.env = .env
		Directory.Build.props = Directory.Build.props
		docker-compose.yml = docker-compose.yml
	EndProjectSection
EndProject
Project("{FAE04EC0-301F-11D3-BF4B-00C04F79EFBC}") = "Planora.Todo.Application", "Services\TodoApi\Planora.Todo.Application\Planora.Todo.Application.csproj", "{623ED2EF-14A6-409E-95C5-555A726795BF}"
EndProject
Project("{FAE04EC0-301F-11D3-BF4B-00C04F79EFBC}") = "Planora.Todo.Domain", "Services\TodoApi\Planora.Todo.Domain\Planora.Todo.Domain.csproj", "{1AA8BED8-9EAE-46FE-97E5-0C285804397E}"
EndProject
Project("{FAE04EC0-301F-11D3-BF4B-00C04F79EFBC}") = "Planora.Todo.Infrastructure", "Services\TodoApi\Planora.Todo.Infrastructure\Planora.Todo.Infrastructure.csproj", "{406AA482-D681-4D28-ACB3-BC3852454489}"
EndProject
Project("{FAE04EC0-301F-11D3-BF4B-00C04F79EFBC}") = "Planora.Todo.Api", "Services\TodoApi\Planora.Todo.Api\Planora.Todo.Api.csproj", "{FCC5CD2D-E1DC-44AA-A019-D55201B5711D}"
EndProject
Project("{FAE04EC0-301F-11D3-BF4B-00C04F79EFBC}") = "Planora.Category.Application", "Services\CategoryApi\Planora.Category.Application\Planora.Category.Application.csproj", "{9213759F-B6A5-408C-98FA-74BCA542FFA5}"
EndProject
Project("{FAE04EC0-301F-11D3-BF4B-00C04F79EFBC}") = "Planora.Category.Domain", "Services\CategoryApi\Planora.Category.Domain\Planora.Category.Domain.csproj", "{2058624C-C614-46F2-8106-84E61B0A8061}"
EndProject
Project("{FAE04EC0-301F-11D3-BF4B-00C04F79EFBC}") = "Planora.Category.Infrastructure", "Services\CategoryApi\Planora.Category.Infrastructure\Planora.Category.Infrastructure.csproj", "{743FFA0C-BFAC-4BBC-9097-47ECFCA8617E}"
EndProject
Project("{FAE04EC0-301F-11D3-BF4B-00C04F79EFBC}") = "Planora.Category.Api", "Services\CategoryApi\Planora.Category.Api\Planora.Category.Api.csproj", "{D8F8FF48-B87C-4257-ABA1-DC02CE059AEC}"
EndProject
Project("{2150E333-8FDC-42A3-9474-1A3956D46DE8}") = "tests", "tests", "{0AB3BF05-4346-4AA6-1389-037BE0695223}"
EndProject
Project("{FAE04EC0-301F-11D3-BF4B-00C04F79EFBC}") = "Planora.UnitTests", "tests\Planora.UnitTests\Planora.UnitTests.csproj", "{71A0F0F6-CF15-41A1-9AB3-552D672DA7E1}"
EndProject
Project("{FAE04EC0-301F-11D3-BF4B-00C04F79EFBC}") = "Planora.ErrorHandlingTests", "tests\Planora.ErrorHandlingTests\Planora.ErrorHandlingTests.csproj", "{7B460F39-C79C-46C9-8B13-8D0E934D564F}"
EndProject
Global
	GlobalSection(SolutionConfigurationPlatforms) = preSolution
		Debug|Any CPU = Debug|Any CPU
		Debug|x64 = Debug|x64
		Debug|x86 = Debug|x86
		Release|Any CPU = Release|Any CPU
		Release|x64 = Release|x64
		Release|x86 = Release|x86
	EndGlobalSection
	GlobalSection(ProjectConfigurationPlatforms) = postSolution
		{622A3266-C08E-4F86-9D04-7AEA5777DA11}.Debug|Any CPU.ActiveCfg = Debug|Any CPU
		{622A3266-C08E-4F86-9D04-7AEA5777DA11}.Debug|Any CPU.Build.0 = Debug|Any CPU
		{622A3266-C08E-4F86-9D04-7AEA5777DA11}.Debug|x64.ActiveCfg = Debug|Any CPU
		{622A3266-C08E-4F86-9D04-7AEA5777DA11}.Debug|x64.Build.0 = Debug|Any CPU
		{622A3266-C08E-4F86-9D04-7AEA5777DA11}.Debug|x86.ActiveCfg = Debug|Any CPU
		{622A3266-C08E-4F86-9D04-7AEA5777DA11}.Debug|x86.Build.0 = Debug|Any CPU
		{622A3266-C08E-4F86-9D04-7AEA5777DA11}.Release|Any CPU.ActiveCfg = Release|Any CPU
		{622A3266-C08E-4F86-9D04-7AEA5777DA11}.Release|Any CPU.Build.0 = Release|Any CPU
		{622A3266-C08E-4F86-9D04-7AEA5777DA11}.Release|x64.ActiveCfg = Release|Any CPU
		{622A3266-C08E-4F86-9D04-7AEA5777DA11}.Release|x64.Build.0 = Release|Any CPU
		{622A3266-C08E-4F86-9D04-7AEA5777DA11}.Release|x86.ActiveCfg = Release|Any CPU
		{622A3266-C08E-4F86-9D04-7AEA5777DA11}.Release|x86.Build.0 = Release|Any CPU
		{BBECA2EA-325E-2CD9-99CA-4B4C9EE4D75D}.Debug|Any CPU.ActiveCfg = Debug|Any CPU
		{BBECA2EA-325E-2CD9-99CA-4B4C9EE4D75D}.Debug|Any CPU.Build.0 = Debug|Any CPU
		{BBECA2EA-325E-2CD9-99CA-4B4C9EE4D75D}.Debug|x64.ActiveCfg = Debug|Any CPU
		{BBECA2EA-325E-2CD9-99CA-4B4C9EE4D75D}.Debug|x64.Build.0 = Debug|Any CPU
		{BBECA2EA-325E-2CD9-99CA-4B4C9EE4D75D}.Debug|x86.ActiveCfg = Debug|Any CPU
		{BBECA2EA-325E-2CD9-99CA-4B4C9EE4D75D}.Debug|x86.Build.0 = Debug|Any CPU
		{BBECA2EA-325E-2CD9-99CA-4B4C9EE4D75D}.Release|Any CPU.ActiveCfg = Release|Any CPU
		{BBECA2EA-325E-2CD9-99CA-4B4C9EE4D75D}.Release|Any CPU.Build.0 = Release|Any CPU
		{BBECA2EA-325E-2CD9-99CA-4B4C9EE4D75D}.Release|x64.ActiveCfg = Release|Any CPU
		{BBECA2EA-325E-2CD9-99CA-4B4C9EE4D75D}.Release|x64.Build.0 = Release|Any CPU
		{BBECA2EA-325E-2CD9-99CA-4B4C9EE4D75D}.Release|x86.ActiveCfg = Release|Any CPU
		{BBECA2EA-325E-2CD9-99CA-4B4C9EE4D75D}.Release|x86.Build.0 = Release|Any CPU
		{004641EC-D55D-596A-1F25-B1F9F8A9D605}.Debug|Any CPU.ActiveCfg = Debug|Any CPU
		{004641EC-D55D-596A-1F25-B1F9F8A9D605}.Debug|Any CPU.Build.0 = Debug|Any CPU
		{004641EC-D55D-596A-1F25-B1F9F8A9D605}.Debug|x64.ActiveCfg = Debug|Any CPU
		{004641EC-D55D-596A-1F25-B1F9F8A9D605}.Debug|x64.Build.0 = Debug|Any CPU
		{004641EC-D55D-596A-1F25-B1F9F8A9D605}.Debug|x86.ActiveCfg = Debug|Any CPU
		{004641EC-D55D-596A-1F25-B1F9F8A9D605}.Debug|x86.Build.0 = Debug|Any CPU
		{004641EC-D55D-596A-1F25-B1F9F8A9D605}.Release|Any CPU.ActiveCfg = Release|Any CPU
		{004641EC-D55D-596A-1F25-B1F9F8A9D605}.Release|Any CPU.Build.0 = Release|Any CPU
		{004641EC-D55D-596A-1F25-B1F9F8A9D605}.Release|x64.ActiveCfg = Release|Any CPU
		{004641EC-D55D-596A-1F25-B1F9F8A9D605}.Release|x64.Build.0 = Release|Any CPU
		{004641EC-D55D-596A-1F25-B1F9F8A9D605}.Release|x86.ActiveCfg = Release|Any CPU
		{004641EC-D55D-596A-1F25-B1F9F8A9D605}.Release|x86.Build.0 = Release|Any CPU
		{38537E70-E819-C144-E474-AD5F45B30521}.Debug|Any CPU.ActiveCfg = Debug|Any CPU
		{38537E70-E819-C144-E474-AD5F45B30521}.Debug|Any CPU.Build.0 = Debug|Any CPU
		{38537E70-E819-C144-E474-AD5F45B30521}.Debug|x64.ActiveCfg = Debug|Any CPU
		{38537E70-E819-C144-E474-AD5F45B30521}.Debug|x64.Build.0 = Debug|Any CPU
		{38537E70-E819-C144-E474-AD5F45B30521}.Debug|x86.ActiveCfg = Debug|Any CPU
		{38537E70-E819-C144-E474-AD5F45B30521}.Debug|x86.Build.0 = Debug|Any CPU
		{38537E70-E819-C144-E474-AD5F45B30521}.Release|Any CPU.ActiveCfg = Release|Any CPU
		{38537E70-E819-C144-E474-AD5F45B30521}.Release|Any CPU.Build.0 = Release|Any CPU
		{38537E70-E819-C144-E474-AD5F45B30521}.Release|x64.ActiveCfg = Release|Any CPU
		{38537E70-E819-C144-E474-AD5F45B30521}.Release|x64.Build.0 = Release|Any CPU
		{38537E70-E819-C144-E474-AD5F45B30521}.Release|x86.ActiveCfg = Release|Any CPU
		{38537E70-E819-C144-E474-AD5F45B30521}.Release|x86.Build.0 = Release|Any CPU
		{1B7ADD5B-3D96-8CE9-05DC-C290926F2BD4}.Debug|Any CPU.ActiveCfg = Debug|Any CPU
		{1B7ADD5B-3D96-8CE9-05DC-C290926F2BD4}.Debug|Any CPU.Build.0 = Debug|Any CPU
		{1B7ADD5B-3D96-8CE9-05DC-C290926F2BD4}.Debug|x64.ActiveCfg = Debug|Any CPU
		{1B7ADD5B-3D96-8CE9-05DC-C290926F2BD4}.Debug|x64.Build.0 = Debug|Any CPU
		{1B7ADD5B-3D96-8CE9-05DC-C290926F2BD4}.Debug|x86.ActiveCfg = Debug|Any CPU
		{1B7ADD5B-3D96-8CE9-05DC-C290926F2BD4}.Debug|x86.Build.0 = Debug|Any CPU
		{1B7ADD5B-3D96-8CE9-05DC-C290926F2BD4}.Release|Any CPU.ActiveCfg = Release|Any CPU
		{1B7ADD5B-3D96-8CE9-05DC-C290926F2BD4}.Release|Any CPU.Build.0 = Release|Any CPU
		{1B7ADD5B-3D96-8CE9-05DC-C290926F2BD4}.Release|x64.ActiveCfg = Release|Any CPU
		{1B7ADD5B-3D96-8CE9-05DC-C290926F2BD4}.Release|x64.Build.0 = Release|Any CPU
		{1B7ADD5B-3D96-8CE9-05DC-C290926F2BD4}.Release|x86.ActiveCfg = Release|Any CPU
		{1B7ADD5B-3D96-8CE9-05DC-C290926F2BD4}.Release|x86.Build.0 = Release|Any CPU
		{50D27965-EA2E-4BF4-A907-0FB24BF9C386}.Debug|Any CPU.ActiveCfg = Debug|Any CPU
		{50D27965-EA2E-4BF4-A907-0FB24BF9C386}.Debug|Any CPU.Build.0 = Debug|Any CPU
		{50D27965-EA2E-4BF4-A907-0FB24BF9C386}.Debug|x64.ActiveCfg = Debug|Any CPU
		{50D27965-EA2E-4BF4-A907-0FB24BF9C386}.Debug|x64.Build.0 = Debug|Any CPU
		{50D27965-EA2E-4BF4-A907-0FB24BF9C386}.Debug|x86.ActiveCfg = Debug|Any CPU
		{50D27965-EA2E-4BF4-A907-0FB24BF9C386}.Debug|x86.Build.0 = Debug|Any CPU
		{50D27965-EA2E-4BF4-A907-0FB24BF9C386}.Release|Any CPU.ActiveCfg = Release|Any CPU
		{50D27965-EA2E-4BF4-A907-0FB24BF9C386}.Release|Any CPU.Build.0 = Release|Any CPU
		{50D27965-EA2E-4BF4-A907-0FB24BF9C386}.Release|x64.ActiveCfg = Release|Any CPU
		{50D27965-EA2E-4BF4-A907-0FB24BF9C386}.Release|x64.Build.0 = Release|Any CPU
		{50D27965-EA2E-4BF4-A907-0FB24BF9C386}.Release|x86.ActiveCfg = Release|Any CPU
		{50D27965-EA2E-4BF4-A907-0FB24BF9C386}.Release|x86.Build.0 = Release|Any CPU
		{C46E96F6-52A1-49B6-9DEA-7A51EB37241D}.Debug|Any CPU.ActiveCfg = Debug|Any CPU
		{C46E96F6-52A1-49B6-9DEA-7A51EB37241D}.Debug|Any CPU.Build.0 = Debug|Any CPU
		{C46E96F6-52A1-49B6-9DEA-7A51EB37241D}.Debug|x64.ActiveCfg = Debug|Any CPU
		{C46E96F6-52A1-49B6-9DEA-7A51EB37241D}.Debug|x64.Build.0 = Debug|Any CPU
		{C46E96F6-52A1-49B6-9DEA-7A51EB37241D}.Debug|x86.ActiveCfg = Debug|Any CPU
		{C46E96F6-52A1-49B6-9DEA-7A51EB37241D}.Debug|x86.Build.0 = Debug|Any CPU
		{C46E96F6-52A1-49B6-9DEA-7A51EB37241D}.Release|Any CPU.ActiveCfg = Release|Any CPU
		{C46E96F6-52A1-49B6-9DEA-7A51EB37241D}.Release|Any CPU.Build.0 = Release|Any CPU
		{C46E96F6-52A1-49B6-9DEA-7A51EB37241D}.Release|x64.ActiveCfg = Release|Any CPU
		{C46E96F6-52A1-49B6-9DEA-7A51EB37241D}.Release|x64.Build.0 = Release|Any CPU
		{C46E96F6-52A1-49B6-9DEA-7A51EB37241D}.Release|x86.ActiveCfg = Release|Any CPU
		{C46E96F6-52A1-49B6-9DEA-7A51EB37241D}.Release|x86.Build.0 = Release|Any CPU
		{340A62F5-46D2-4565-864E-3AA3F0DE69D0}.Debug|Any CPU.ActiveCfg = Debug|Any CPU
		{340A62F5-46D2-4565-864E-3AA3F0DE69D0}.Debug|Any CPU.Build.0 = Debug|Any CPU
		{340A62F5-46D2-4565-864E-3AA3F0DE69D0}.Debug|x64.ActiveCfg = Debug|Any CPU
		{340A62F5-46D2-4565-864E-3AA3F0DE69D0}.Debug|x64.Build.0 = Debug|Any CPU
		{340A62F5-46D2-4565-864E-3AA3F0DE69D0}.Debug|x86.ActiveCfg = Debug|Any CPU
		{340A62F5-46D2-4565-864E-3AA3F0DE69D0}.Debug|x86.Build.0 = Debug|Any CPU
		{340A62F5-46D2-4565-864E-3AA3F0DE69D0}.Release|Any CPU.ActiveCfg = Release|Any CPU
		{340A62F5-46D2-4565-864E-3AA3F0DE69D0}.Release|Any CPU.Build.0 = Release|Any CPU
		{340A62F5-46D2-4565-864E-3AA3F0DE69D0}.Release|x64.ActiveCfg = Release|Any CPU
		{340A62F5-46D2-4565-864E-3AA3F0DE69D0}.Release|x64.Build.0 = Release|Any CPU
		{340A62F5-46D2-4565-864E-3AA3F0DE69D0}.Release|x86.ActiveCfg = Release|Any CPU
		{340A62F5-46D2-4565-864E-3AA3F0DE69D0}.Release|x86.Build.0 = Release|Any CPU
		{E5B77391-915A-46DA-8C60-9AC2C34288F3}.Debug|Any CPU.ActiveCfg = Debug|Any CPU
		{E5B77391-915A-46DA-8C60-9AC2C34288F3}.Debug|Any CPU.Build.0 = Debug|Any CPU
		{E5B77391-915A-46DA-8C60-9AC2C34288F3}.Debug|x64.ActiveCfg = Debug|Any CPU
		{E5B77391-915A-46DA-8C60-9AC2C34288F3}.Debug|x64.Build.0 = Debug|Any CPU
		{E5B77391-915A-46DA-8C60-9AC2C34288F3}.Debug|x86.ActiveCfg = Debug|Any CPU
		{E5B77391-915A-46DA-8C60-9AC2C34288F3}.Debug|x86.Build.0 = Debug|Any CPU
		{E5B77391-915A-46DA-8C60-9AC2C34288F3}.Release|Any CPU.ActiveCfg = Release|Any CPU
		{E5B77391-915A-46DA-8C60-9AC2C34288F3}.Release|Any CPU.Build.0 = Release|Any CPU
		{E5B77391-915A-46DA-8C60-9AC2C34288F3}.Release|x64.ActiveCfg = Release|Any CPU
		{E5B77391-915A-46DA-8C60-9AC2C34288F3}.Release|x64.Build.0 = Release|Any CPU
		{E5B77391-915A-46DA-8C60-9AC2C34288F3}.Release|x86.ActiveCfg = Release|Any CPU
		{E5B77391-915A-46DA-8C60-9AC2C34288F3}.Release|x86.Build.0 = Release|Any CPU
		{561A1B80-E93F-443D-B980-EB8A39FC14F9}.Debug|Any CPU.ActiveCfg = Debug|Any CPU
		{561A1B80-E93F-443D-B980-EB8A39FC14F9}.Debug|Any CPU.Build.0 = Debug|Any CPU
		{561A1B80-E93F-443D-B980-EB8A39FC14F9}.Debug|x64.ActiveCfg = Debug|Any CPU
		{561A1B80-E93F-443D-B980-EB8A39FC14F9}.Debug|x64.Build.0 = Debug|Any CPU
		{561A1B80-E93F-443D-B980-EB8A39FC14F9}.Debug|x86.ActiveCfg = Debug|Any CPU
		{561A1B80-E93F-443D-B980-EB8A39FC14F9}.Debug|x86.Build.0 = Debug|Any CPU
		{561A1B80-E93F-443D-B980-EB8A39FC14F9}.Release|Any CPU.ActiveCfg = Release|Any CPU
		{561A1B80-E93F-443D-B980-EB8A39FC14F9}.Release|Any CPU.Build.0 = Release|Any CPU
		{561A1B80-E93F-443D-B980-EB8A39FC14F9}.Release|x64.ActiveCfg = Release|Any CPU
		{561A1B80-E93F-443D-B980-EB8A39FC14F9}.Release|x64.Build.0 = Release|Any CPU
		{561A1B80-E93F-443D-B980-EB8A39FC14F9}.Release|x86.ActiveCfg = Release|Any CPU
		{561A1B80-E93F-443D-B980-EB8A39FC14F9}.Release|x86.Build.0 = Release|Any CPU
		{19B4A682-7DBF-4298-A9A2-BCF270081937}.Debug|Any CPU.ActiveCfg = Debug|Any CPU
		{19B4A682-7DBF-4298-A9A2-BCF270081937}.Debug|Any CPU.Build.0 = Debug|Any CPU
		{19B4A682-7DBF-4298-A9A2-BCF270081937}.Debug|x64.ActiveCfg = Debug|Any CPU
		{19B4A682-7DBF-4298-A9A2-BCF270081937}.Debug|x64.Build.0 = Debug|Any CPU
		{19B4A682-7DBF-4298-A9A2-BCF270081937}.Debug|x86.ActiveCfg = Debug|Any CPU
		{19B4A682-7DBF-4298-A9A2-BCF270081937}.Debug|x86.Build.0 = Debug|Any CPU
		{19B4A682-7DBF-4298-A9A2-BCF270081937}.Release|Any CPU.ActiveCfg = Release|Any CPU
		{19B4A682-7DBF-4298-A9A2-BCF270081937}.Release|Any CPU.Build.0 = Release|Any CPU
		{19B4A682-7DBF-4298-A9A2-BCF270081937}.Release|x64.ActiveCfg = Release|Any CPU
		{19B4A682-7DBF-4298-A9A2-BCF270081937}.Release|x64.Build.0 = Release|Any CPU
		{19B4A682-7DBF-4298-A9A2-BCF270081937}.Release|x86.ActiveCfg = Release|Any CPU
		{19B4A682-7DBF-4298-A9A2-BCF270081937}.Release|x86.Build.0 = Release|Any CPU
		{E3A78E85-C0FA-4F0F-9F9D-AF8D2FFDCD91}.Debug|Any CPU.ActiveCfg = Debug|Any CPU
		{E3A78E85-C0FA-4F0F-9F9D-AF8D2FFDCD91}.Debug|Any CPU.Build.0 = Debug|Any CPU
		{E3A78E85-C0FA-4F0F-9F9D-AF8D2FFDCD91}.Debug|x64.ActiveCfg = Debug|Any CPU
		{E3A78E85-C0FA-4F0F-9F9D-AF8D2FFDCD91}.Debug|x64.Build.0 = Debug|Any CPU
		{E3A78E85-C0FA-4F0F-9F9D-AF8D2FFDCD91}.Debug|x86.ActiveCfg = Debug|Any CPU
		{E3A78E85-C0FA-4F0F-9F9D-AF8D2FFDCD91}.Debug|x86.Build.0 = Debug|Any CPU
		{E3A78E85-C0FA-4F0F-9F9D-AF8D2FFDCD91}.Release|Any CPU.ActiveCfg = Release|Any CPU
		{E3A78E85-C0FA-4F0F-9F9D-AF8D2FFDCD91}.Release|Any CPU.Build.0 = Release|Any CPU
		{E3A78E85-C0FA-4F0F-9F9D-AF8D2FFDCD91}.Release|x64.ActiveCfg = Release|Any CPU
		{E3A78E85-C0FA-4F0F-9F9D-AF8D2FFDCD91}.Release|x64.Build.0 = Release|Any CPU
		{E3A78E85-C0FA-4F0F-9F9D-AF8D2FFDCD91}.Release|x86.ActiveCfg = Release|Any CPU
		{E3A78E85-C0FA-4F0F-9F9D-AF8D2FFDCD91}.Release|x86.Build.0 = Release|Any CPU
		{F1A4992E-2F7A-40C8-9091-60F106156D03}.Debug|Any CPU.ActiveCfg = Debug|Any CPU
		{F1A4992E-2F7A-40C8-9091-60F106156D03}.Debug|Any CPU.Build.0 = Debug|Any CPU
		{F1A4992E-2F7A-40C8-9091-60F106156D03}.Debug|x64.ActiveCfg = Debug|Any CPU
		{F1A4992E-2F7A-40C8-9091-60F106156D03}.Debug|x64.Build.0 = Debug|Any CPU
		{F1A4992E-2F7A-40C8-9091-60F106156D03}.Debug|x86.ActiveCfg = Debug|Any CPU
		{F1A4992E-2F7A-40C8-9091-60F106156D03}.Debug|x86.Build.0 = Debug|Any CPU
		{F1A4992E-2F7A-40C8-9091-60F106156D03}.Release|Any CPU.ActiveCfg = Release|Any CPU
		{F1A4992E-2F7A-40C8-9091-60F106156D03}.Release|Any CPU.Build.0 = Release|Any CPU
		{F1A4992E-2F7A-40C8-9091-60F106156D03}.Release|x64.ActiveCfg = Release|Any CPU
		{F1A4992E-2F7A-40C8-9091-60F106156D03}.Release|x64.Build.0 = Release|Any CPU
		{F1A4992E-2F7A-40C8-9091-60F106156D03}.Release|x86.ActiveCfg = Release|Any CPU
		{F1A4992E-2F7A-40C8-9091-60F106156D03}.Release|x86.Build.0 = Release|Any CPU
		{4EE955AB-E610-4051-AA29-89F340D2F137}.Debug|Any CPU.ActiveCfg = Debug|Any CPU
		{4EE955AB-E610-4051-AA29-89F340D2F137}.Debug|Any CPU.Build.0 = Debug|Any CPU
		{4EE955AB-E610-4051-AA29-89F340D2F137}.Debug|x64.ActiveCfg = Debug|Any CPU
		{4EE955AB-E610-4051-AA29-89F340D2F137}.Debug|x64.Build.0 = Debug|Any CPU
		{4EE955AB-E610-4051-AA29-89F340D2F137}.Debug|x86.ActiveCfg = Debug|Any CPU
		{4EE955AB-E610-4051-AA29-89F340D2F137}.Debug|x86.Build.0 = Debug|Any CPU
		{4EE955AB-E610-4051-AA29-89F340D2F137}.Release|Any CPU.ActiveCfg = Release|Any CPU
		{4EE955AB-E610-4051-AA29-89F340D2F137}.Release|Any CPU.Build.0 = Release|Any CPU
		{4EE955AB-E610-4051-AA29-89F340D2F137}.Release|x64.ActiveCfg = Release|Any CPU
		{4EE955AB-E610-4051-AA29-89F340D2F137}.Release|x64.Build.0 = Release|Any CPU
		{4EE955AB-E610-4051-AA29-89F340D2F137}.Release|x86.ActiveCfg = Release|Any CPU
		{4EE955AB-E610-4051-AA29-89F340D2F137}.Release|x86.Build.0 = Release|Any CPU
		{74E563CF-00DB-4E34-B9BA-33BD23650D21}.Debug|Any CPU.ActiveCfg = Debug|Any CPU
		{74E563CF-00DB-4E34-B9BA-33BD23650D21}.Debug|Any CPU.Build.0 = Debug|Any CPU
		{74E563CF-00DB-4E34-B9BA-33BD23650D21}.Debug|x64.ActiveCfg = Debug|Any CPU
		{74E563CF-00DB-4E34-B9BA-33BD23650D21}.Debug|x64.Build.0 = Debug|Any CPU
		{74E563CF-00DB-4E34-B9BA-33BD23650D21}.Debug|x86.ActiveCfg = Debug|Any CPU
		{74E563CF-00DB-4E34-B9BA-33BD23650D21}.Debug|x86.Build.0 = Debug|Any CPU
		{74E563CF-00DB-4E34-B9BA-33BD23650D21}.Release|Any CPU.ActiveCfg = Release|Any CPU
		{74E563CF-00DB-4E34-B9BA-33BD23650D21}.Release|Any CPU.Build.0 = Release|Any CPU
		{74E563CF-00DB-4E34-B9BA-33BD23650D21}.Release|x64.ActiveCfg = Release|Any CPU
		{74E563CF-00DB-4E34-B9BA-33BD23650D21}.Release|x64.Build.0 = Release|Any CPU
		{74E563CF-00DB-4E34-B9BA-33BD23650D21}.Release|x86.ActiveCfg = Release|Any CPU
		{74E563CF-00DB-4E34-B9BA-33BD23650D21}.Release|x86.Build.0 = Release|Any CPU
		{D91A68B7-2605-498C-BB2E-0BF8BCDC32FC}.Debug|Any CPU.ActiveCfg = Debug|Any CPU
		{D91A68B7-2605-498C-BB2E-0BF8BCDC32FC}.Debug|Any CPU.Build.0 = Debug|Any CPU
		{D91A68B7-2605-498C-BB2E-0BF8BCDC32FC}.Debug|x64.ActiveCfg = Debug|Any CPU
		{D91A68B7-2605-498C-BB2E-0BF8BCDC32FC}.Debug|x64.Build.0 = Debug|Any CPU
		{D91A68B7-2605-498C-BB2E-0BF8BCDC32FC}.Debug|x86.ActiveCfg = Debug|Any CPU
		{D91A68B7-2605-498C-BB2E-0BF8BCDC32FC}.Debug|x86.Build.0 = Debug|Any CPU
		{D91A68B7-2605-498C-BB2E-0BF8BCDC32FC}.Release|Any CPU.ActiveCfg = Release|Any CPU
		{D91A68B7-2605-498C-BB2E-0BF8BCDC32FC}.Release|Any CPU.Build.0 = Release|Any CPU
		{D91A68B7-2605-498C-BB2E-0BF8BCDC32FC}.Release|x64.ActiveCfg = Release|Any CPU
		{D91A68B7-2605-498C-BB2E-0BF8BCDC32FC}.Release|x64.Build.0 = Release|Any CPU
		{D91A68B7-2605-498C-BB2E-0BF8BCDC32FC}.Release|x86.ActiveCfg = Release|Any CPU
		{D91A68B7-2605-498C-BB2E-0BF8BCDC32FC}.Release|x86.Build.0 = Release|Any CPU
		{74A6E048-EF3A-4F6B-B402-A9D8B40C5E99}.Debug|Any CPU.ActiveCfg = Debug|Any CPU
		{74A6E048-EF3A-4F6B-B402-A9D8B40C5E99}.Debug|Any CPU.Build.0 = Debug|Any CPU
		{74A6E048-EF3A-4F6B-B402-A9D8B40C5E99}.Debug|x64.ActiveCfg = Debug|Any CPU
		{74A6E048-EF3A-4F6B-B402-A9D8B40C5E99}.Debug|x64.Build.0 = Debug|Any CPU
		{74A6E048-EF3A-4F6B-B402-A9D8B40C5E99}.Debug|x86.ActiveCfg = Debug|Any CPU
		{74A6E048-EF3A-4F6B-B402-A9D8B40C5E99}.Debug|x86.Build.0 = Debug|Any CPU
		{74A6E048-EF3A-4F6B-B402-A9D8B40C5E99}.Release|Any CPU.ActiveCfg = Release|Any CPU
		{74A6E048-EF3A-4F6B-B402-A9D8B40C5E99}.Release|Any CPU.Build.0 = Release|Any CPU
		{74A6E048-EF3A-4F6B-B402-A9D8B40C5E99}.Release|x64.ActiveCfg = Release|Any CPU
		{74A6E048-EF3A-4F6B-B402-A9D8B40C5E99}.Release|x64.Build.0 = Release|Any CPU
		{74A6E048-EF3A-4F6B-B402-A9D8B40C5E99}.Release|x86.ActiveCfg = Release|Any CPU
		{74A6E048-EF3A-4F6B-B402-A9D8B40C5E99}.Release|x86.Build.0 = Release|Any CPU
		{623ED2EF-14A6-409E-95C5-555A726795BF}.Debug|Any CPU.ActiveCfg = Debug|Any CPU
		{623ED2EF-14A6-409E-95C5-555A726795BF}.Debug|Any CPU.Build.0 = Debug|Any CPU
		{623ED2EF-14A6-409E-95C5-555A726795BF}.Debug|x64.ActiveCfg = Debug|Any CPU
		{623ED2EF-14A6-409E-95C5-555A726795BF}.Debug|x64.Build.0 = Debug|Any CPU
		{623ED2EF-14A6-409E-95C5-555A726795BF}.Debug|x86.ActiveCfg = Debug|Any CPU
		{623ED2EF-14A6-409E-95C5-555A726795BF}.Debug|x86.Build.0 = Debug|Any CPU
		{623ED2EF-14A6-409E-95C5-555A726795BF}.Release|Any CPU.ActiveCfg = Release|Any CPU
		{623ED2EF-14A6-409E-95C5-555A726795BF}.Release|Any CPU.Build.0 = Release|Any CPU
		{623ED2EF-14A6-409E-95C5-555A726795BF}.Release|x64.ActiveCfg = Release|Any CPU
		{623ED2EF-14A6-409E-95C5-555A726795BF}.Release|x64.Build.0 = Release|Any CPU
		{623ED2EF-14A6-409E-95C5-555A726795BF}.Release|x86.ActiveCfg = Release|Any CPU
		{623ED2EF-14A6-409E-95C5-555A726795BF}.Release|x86.Build.0 = Release|Any CPU
		{1AA8BED8-9EAE-46FE-97E5-0C285804397E}.Debug|Any CPU.ActiveCfg = Debug|Any CPU
		{1AA8BED8-9EAE-46FE-97E5-0C285804397E}.Debug|Any CPU.Build.0 = Debug|Any CPU
		{1AA8BED8-9EAE-46FE-97E5-0C285804397E}.Debug|x64.ActiveCfg = Debug|Any CPU
		{1AA8BED8-9EAE-46FE-97E5-0C285804397E}.Debug|x64.Build.0 = Debug|Any CPU
		{1AA8BED8-9EAE-46FE-97E5-0C285804397E}.Debug|x86.ActiveCfg = Debug|Any CPU
		{1AA8BED8-9EAE-46FE-97E5-0C285804397E}.Debug|x86.Build.0 = Debug|Any CPU
		{1AA8BED8-9EAE-46FE-97E5-0C285804397E}.Release|Any CPU.ActiveCfg = Release|Any CPU
		{1AA8BED8-9EAE-46FE-97E5-0C285804397E}.Release|Any CPU.Build.0 = Release|Any CPU
		{1AA8BED8-9EAE-46FE-97E5-0C285804397E}.Release|x64.ActiveCfg = Release|Any CPU
		{1AA8BED8-9EAE-46FE-97E5-0C285804397E}.Release|x64.Build.0 = Release|Any CPU
		{1AA8BED8-9EAE-46FE-97E5-0C285804397E}.Release|x86.ActiveCfg = Release|Any CPU
		{1AA8BED8-9EAE-46FE-97E5-0C285804397E}.Release|x86.Build.0 = Release|Any CPU
		{406AA482-D681-4D28-ACB3-BC3852454489}.Debug|Any CPU.ActiveCfg = Debug|Any CPU
		{406AA482-D681-4D28-ACB3-BC3852454489}.Debug|Any CPU.Build.0 = Debug|Any CPU
		{406AA482-D681-4D28-ACB3-BC3852454489}.Debug|x64.ActiveCfg = Debug|Any CPU
		{406AA482-D681-4D28-ACB3-BC3852454489}.Debug|x64.Build.0 = Debug|Any CPU
		{406AA482-D681-4D28-ACB3-BC3852454489}.Debug|x86.ActiveCfg = Debug|Any CPU
		{406AA482-D681-4D28-ACB3-BC3852454489}.Debug|x86.Build.0 = Debug|Any CPU
		{406AA482-D681-4D28-ACB3-BC3852454489}.Release|Any CPU.ActiveCfg = Release|Any CPU
		{406AA482-D681-4D28-ACB3-BC3852454489}.Release|Any CPU.Build.0 = Release|Any CPU
		{406AA482-D681-4D28-ACB3-BC3852454489}.Release|x64.ActiveCfg = Release|Any CPU
		{406AA482-D681-4D28-ACB3-BC3852454489}.Release|x64.Build.0 = Release|Any CPU
		{406AA482-D681-4D28-ACB3-BC3852454489}.Release|x86.ActiveCfg = Release|Any CPU
		{406AA482-D681-4D28-ACB3-BC3852454489}.Release|x86.Build.0 = Release|Any CPU
		{FCC5CD2D-E1DC-44AA-A019-D55201B5711D}.Debug|Any CPU.ActiveCfg = Debug|Any CPU
		{FCC5CD2D-E1DC-44AA-A019-D55201B5711D}.Debug|Any CPU.Build.0 = Debug|Any CPU
		{FCC5CD2D-E1DC-44AA-A019-D55201B5711D}.Debug|x64.ActiveCfg = Debug|Any CPU
		{FCC5CD2D-E1DC-44AA-A019-D55201B5711D}.Debug|x64.Build.0 = Debug|Any CPU
		{FCC5CD2D-E1DC-44AA-A019-D55201B5711D}.Debug|x86.ActiveCfg = Debug|Any CPU
		{FCC5CD2D-E1DC-44AA-A019-D55201B5711D}.Debug|x86.Build.0 = Debug|Any CPU
		{FCC5CD2D-E1DC-44AA-A019-D55201B5711D}.Release|Any CPU.ActiveCfg = Release|Any CPU
		{FCC5CD2D-E1DC-44AA-A019-D55201B5711D}.Release|Any CPU.Build.0 = Release|Any CPU
		{FCC5CD2D-E1DC-44AA-A019-D55201B5711D}.Release|x64.ActiveCfg = Release|Any CPU
		{FCC5CD2D-E1DC-44AA-A019-D55201B5711D}.Release|x64.Build.0 = Release|Any CPU
		{FCC5CD2D-E1DC-44AA-A019-D55201B5711D}.Release|x86.ActiveCfg = Release|Any CPU
		{FCC5CD2D-E1DC-44AA-A019-D55201B5711D}.Release|x86.Build.0 = Release|Any CPU
		{9213759F-B6A5-408C-98FA-74BCA542FFA5}.Debug|Any CPU.ActiveCfg = Debug|Any CPU
		{9213759F-B6A5-408C-98FA-74BCA542FFA5}.Debug|Any CPU.Build.0 = Debug|Any CPU
		{9213759F-B6A5-408C-98FA-74BCA542FFA5}.Debug|x64.ActiveCfg = Debug|Any CPU
		{9213759F-B6A5-408C-98FA-74BCA542FFA5}.Debug|x64.Build.0 = Debug|Any CPU
		{9213759F-B6A5-408C-98FA-74BCA542FFA5}.Debug|x86.ActiveCfg = Debug|Any CPU
		{9213759F-B6A5-408C-98FA-74BCA542FFA5}.Debug|x86.Build.0 = Debug|Any CPU
		{9213759F-B6A5-408C-98FA-74BCA542FFA5}.Release|Any CPU.ActiveCfg = Release|Any CPU
		{9213759F-B6A5-408C-98FA-74BCA542FFA5}.Release|Any CPU.Build.0 = Release|Any CPU
		{9213759F-B6A5-408C-98FA-74BCA542FFA5}.Release|x64.ActiveCfg = Release|Any CPU
		{9213759F-B6A5-408C-98FA-74BCA542FFA5}.Release|x64.Build.0 = Release|Any CPU
		{9213759F-B6A5-408C-98FA-74BCA542FFA5}.Release|x86.ActiveCfg = Release|Any CPU
		{9213759F-B6A5-408C-98FA-74BCA542FFA5}.Release|x86.Build.0 = Release|Any CPU
		{2058624C-C614-46F2-8106-84E61B0A8061}.Debug|Any CPU.ActiveCfg = Debug|Any CPU
		{2058624C-C614-46F2-8106-84E61B0A8061}.Debug|Any CPU.Build.0 = Debug|Any CPU
		{2058624C-C614-46F2-8106-84E61B0A8061}.Debug|x64.ActiveCfg = Debug|Any CPU
		{2058624C-C614-46F2-8106-84E61B0A8061}.Debug|x64.Build.0 = Debug|Any CPU
		{2058624C-C614-46F2-8106-84E61B0A8061}.Debug|x86.ActiveCfg = Debug|Any CPU
		{2058624C-C614-46F2-8106-84E61B0A8061}.Debug|x86.Build.0 = Debug|Any CPU
		{2058624C-C614-46F2-8106-84E61B0A8061}.Release|Any CPU.ActiveCfg = Release|Any CPU
		{2058624C-C614-46F2-8106-84E61B0A8061}.Release|Any CPU.Build.0 = Release|Any CPU
		{2058624C-C614-46F2-8106-84E61B0A8061}.Release|x64.ActiveCfg = Release|Any CPU
		{2058624C-C614-46F2-8106-84E61B0A8061}.Release|x64.Build.0 = Release|Any CPU
		{2058624C-C614-46F2-8106-84E61B0A8061}.Release|x86.ActiveCfg = Release|Any CPU
		{2058624C-C614-46F2-8106-84E61B0A8061}.Release|x86.Build.0 = Release|Any CPU
		{743FFA0C-BFAC-4BBC-9097-47ECFCA8617E}.Debug|Any CPU.ActiveCfg = Debug|Any CPU
		{743FFA0C-BFAC-4BBC-9097-47ECFCA8617E}.Debug|Any CPU.Build.0 = Debug|Any CPU
		{743FFA0C-BFAC-4BBC-9097-47ECFCA8617E}.Debug|x64.ActiveCfg = Debug|Any CPU
		{743FFA0C-BFAC-4BBC-9097-47ECFCA8617E}.Debug|x64.Build.0 = Debug|Any CPU
		{743FFA0C-BFAC-4BBC-9097-47ECFCA8617E}.Debug|x86.ActiveCfg = Debug|Any CPU
		{743FFA0C-BFAC-4BBC-9097-47ECFCA8617E}.Debug|x86.Build.0 = Debug|Any CPU
		{743FFA0C-BFAC-4BBC-9097-47ECFCA8617E}.Release|Any CPU.ActiveCfg = Release|Any CPU
		{743FFA0C-BFAC-4BBC-9097-47ECFCA8617E}.Release|Any CPU.Build.0 = Release|Any CPU
		{743FFA0C-BFAC-4BBC-9097-47ECFCA8617E}.Release|x64.ActiveCfg = Release|Any CPU
		{743FFA0C-BFAC-4BBC-9097-47ECFCA8617E}.Release|x64.Build.0 = Release|Any CPU
		{743FFA0C-BFAC-4BBC-9097-47ECFCA8617E}.Release|x86.ActiveCfg = Release|Any CPU
		{743FFA0C-BFAC-4BBC-9097-47ECFCA8617E}.Release|x86.Build.0 = Release|Any CPU
		{D8F8FF48-B87C-4257-ABA1-DC02CE059AEC}.Debug|Any CPU.ActiveCfg = Debug|Any CPU
		{D8F8FF48-B87C-4257-ABA1-DC02CE059AEC}.Debug|Any CPU.Build.0 = Debug|Any CPU
		{D8F8FF48-B87C-4257-ABA1-DC02CE059AEC}.Debug|x64.ActiveCfg = Debug|Any CPU
		{D8F8FF48-B87C-4257-ABA1-DC02CE059AEC}.Debug|x64.Build.0 = Debug|Any CPU
		{D8F8FF48-B87C-4257-ABA1-DC02CE059AEC}.Debug|x86.ActiveCfg = Debug|Any CPU
		{D8F8FF48-B87C-4257-ABA1-DC02CE059AEC}.Debug|x86.Build.0 = Debug|Any CPU
		{D8F8FF48-B87C-4257-ABA1-DC02CE059AEC}.Release|Any CPU.ActiveCfg = Release|Any CPU
		{D8F8FF48-B87C-4257-ABA1-DC02CE059AEC}.Release|Any CPU.Build.0 = Release|Any CPU
		{D8F8FF48-B87C-4257-ABA1-DC02CE059AEC}.Release|x64.ActiveCfg = Release|Any CPU
		{D8F8FF48-B87C-4257-ABA1-DC02CE059AEC}.Release|x64.Build.0 = Release|Any CPU
		{D8F8FF48-B87C-4257-ABA1-DC02CE059AEC}.Release|x86.ActiveCfg = Release|Any CPU
		{D8F8FF48-B87C-4257-ABA1-DC02CE059AEC}.Release|x86.Build.0 = Release|Any CPU
		{71A0F0F6-CF15-41A1-9AB3-552D672DA7E1}.Debug|Any CPU.ActiveCfg = Debug|Any CPU
		{71A0F0F6-CF15-41A1-9AB3-552D672DA7E1}.Debug|Any CPU.Build.0 = Debug|Any CPU
		{71A0F0F6-CF15-41A1-9AB3-552D672DA7E1}.Debug|x64.ActiveCfg = Debug|Any CPU
		{71A0F0F6-CF15-41A1-9AB3-552D672DA7E1}.Debug|x64.Build.0 = Debug|Any CPU
		{71A0F0F6-CF15-41A1-9AB3-552D672DA7E1}.Debug|x86.ActiveCfg = Debug|Any CPU
		{71A0F0F6-CF15-41A1-9AB3-552D672DA7E1}.Debug|x86.Build.0 = Debug|Any CPU
		{71A0F0F6-CF15-41A1-9AB3-552D672DA7E1}.Release|Any CPU.ActiveCfg = Release|Any CPU
		{71A0F0F6-CF15-41A1-9AB3-552D672DA7E1}.Release|Any CPU.Build.0 = Release|Any CPU
		{71A0F0F6-CF15-41A1-9AB3-552D672DA7E1}.Release|x64.ActiveCfg = Release|Any CPU
		{71A0F0F6-CF15-41A1-9AB3-552D672DA7E1}.Release|x64.Build.0 = Release|Any CPU
		{71A0F0F6-CF15-41A1-9AB3-552D672DA7E1}.Release|x86.ActiveCfg = Release|Any CPU
		{71A0F0F6-CF15-41A1-9AB3-552D672DA7E1}.Release|x86.Build.0 = Release|Any CPU
		{7B460F39-C79C-46C9-8B13-8D0E934D564F}.Debug|Any CPU.ActiveCfg = Debug|Any CPU
		{7B460F39-C79C-46C9-8B13-8D0E934D564F}.Debug|Any CPU.Build.0 = Debug|Any CPU
		{7B460F39-C79C-46C9-8B13-8D0E934D564F}.Debug|x64.ActiveCfg = Debug|Any CPU
		{7B460F39-C79C-46C9-8B13-8D0E934D564F}.Debug|x64.Build.0 = Debug|Any CPU
		{7B460F39-C79C-46C9-8B13-8D0E934D564F}.Debug|x86.ActiveCfg = Debug|Any CPU
		{7B460F39-C79C-46C9-8B13-8D0E934D564F}.Debug|x86.Build.0 = Debug|Any CPU
		{7B460F39-C79C-46C9-8B13-8D0E934D564F}.Release|Any CPU.ActiveCfg = Release|Any CPU
		{7B460F39-C79C-46C9-8B13-8D0E934D564F}.Release|Any CPU.Build.0 = Release|Any CPU
		{7B460F39-C79C-46C9-8B13-8D0E934D564F}.Release|x64.ActiveCfg = Release|Any CPU
		{7B460F39-C79C-46C9-8B13-8D0E934D564F}.Release|x64.Build.0 = Release|Any CPU
		{7B460F39-C79C-46C9-8B13-8D0E934D564F}.Release|x86.ActiveCfg = Release|Any CPU
		{7B460F39-C79C-46C9-8B13-8D0E934D564F}.Release|x86.Build.0 = Release|Any CPU
	EndGlobalSection
	GlobalSection(SolutionProperties) = preSolution
		HideSolutionNode = FALSE
	EndGlobalSection
	GlobalSection(NestedProjects) = preSolution
		{E79C418F-F2F6-433A-B083-E5528ADFCA56} = {36D591C7-65C7-A0D1-1CBC-10CDE441BDC8}
		{2C09A21A-3555-48AC-AF11-54796320956F} = {36D591C7-65C7-A0D1-1CBC-10CDE441BDC8}
		{BBECA2EA-325E-2CD9-99CA-4B4C9EE4D75D} = {E79C418F-F2F6-433A-B083-E5528ADFCA56}
		{004641EC-D55D-596A-1F25-B1F9F8A9D605} = {E79C418F-F2F6-433A-B083-E5528ADFCA56}
		{38537E70-E819-C144-E474-AD5F45B30521} = {E79C418F-F2F6-433A-B083-E5528ADFCA56}
		{1B7ADD5B-3D96-8CE9-05DC-C290926F2BD4} = {E79C418F-F2F6-433A-B083-E5528ADFCA56}
		{50D27965-EA2E-4BF4-A907-0FB24BF9C386} = {2D08146B-289D-4C51-B9E0-2DE85A785CB5}
		{C46E96F6-52A1-49B6-9DEA-7A51EB37241D} = {2D08146B-289D-4C51-B9E0-2DE85A785CB5}
		{340A62F5-46D2-4565-864E-3AA3F0DE69D0} = {2D08146B-289D-4C51-B9E0-2DE85A785CB5}
		{90B8CEFC-64A5-426C-B428-858226C1CEB7} = {AA055AFC-1BF1-4399-9207-98D9F39AB009}
		{2D6FF8A5-7D6C-4E3B-A770-F4AF2E7BC683} = {AA055AFC-1BF1-4399-9207-98D9F39AB009}
		{04487B2A-98ED-4ECC-ACD6-E85E603A8586} = {36D591C7-65C7-A0D1-1CBC-10CDE441BDC8}
		{B898F187-BC2A-47D0-A795-A214C01836EF} = {36D591C7-65C7-A0D1-1CBC-10CDE441BDC8}
		{0E8CD9B2-7346-4D09-9A2A-07029372BD07} = {36D591C7-65C7-A0D1-1CBC-10CDE441BDC8}
		{E5B77391-915A-46DA-8C60-9AC2C34288F3} = {B898F187-BC2A-47D0-A795-A214C01836EF}
		{561A1B80-E93F-443D-B980-EB8A39FC14F9} = {B898F187-BC2A-47D0-A795-A214C01836EF}
		{19B4A682-7DBF-4298-A9A2-BCF270081937} = {B898F187-BC2A-47D0-A795-A214C01836EF}
		{E3A78E85-C0FA-4F0F-9F9D-AF8D2FFDCD91} = {B898F187-BC2A-47D0-A795-A214C01836EF}
		{F1A4992E-2F7A-40C8-9091-60F106156D03} = {0E8CD9B2-7346-4D09-9A2A-07029372BD07}
		{4EE955AB-E610-4051-AA29-89F340D2F137} = {0E8CD9B2-7346-4D09-9A2A-07029372BD07}
		{74E563CF-00DB-4E34-B9BA-33BD23650D21} = {0E8CD9B2-7346-4D09-9A2A-07029372BD07}
		{D91A68B7-2605-498C-BB2E-0BF8BCDC32FC} = {0E8CD9B2-7346-4D09-9A2A-07029372BD07}
		{623ED2EF-14A6-409E-95C5-555A726795BF} = {2C09A21A-3555-48AC-AF11-54796320956F}
		{1AA8BED8-9EAE-46FE-97E5-0C285804397E} = {2C09A21A-3555-48AC-AF11-54796320956F}
		{406AA482-D681-4D28-ACB3-BC3852454489} = {2C09A21A-3555-48AC-AF11-54796320956F}
		{FCC5CD2D-E1DC-44AA-A019-D55201B5711D} = {2C09A21A-3555-48AC-AF11-54796320956F}
		{9213759F-B6A5-408C-98FA-74BCA542FFA5} = {04487B2A-98ED-4ECC-ACD6-E85E603A8586}
		{2058624C-C614-46F2-8106-84E61B0A8061} = {04487B2A-98ED-4ECC-ACD6-E85E603A8586}
		{743FFA0C-BFAC-4BBC-9097-47ECFCA8617E} = {04487B2A-98ED-4ECC-ACD6-E85E603A8586}
		{D8F8FF48-B87C-4257-ABA1-DC02CE059AEC} = {04487B2A-98ED-4ECC-ACD6-E85E603A8586}
		{71A0F0F6-CF15-41A1-9AB3-552D672DA7E1} = {0AB3BF05-4346-4AA6-1389-037BE0695223}
		{7B460F39-C79C-46C9-8B13-8D0E934D564F} = {0AB3BF05-4346-4AA6-1389-037BE0695223}
	EndGlobalSection
	GlobalSection(ExtensibilityGlobals) = postSolution
		SolutionGuid = {827C9E2C-6C57-4032-A034-78BDD884EC76}
	EndGlobalSection
EndGlobal
